#MicroXplorer Configuration settings - do not modify
Mcu.Family=STM32F1
ProjectManager.MainLocation=Src
NVIC.ADC1_2_IRQn=true\:0\:0\:false\:false\:true\:true\:true
RCC.MCOFreq_Value=64000000
ProjectManager.ProjectFileName=stm32cube_ac_sc_grinder_old.ioc
Dma.ADC1.0.Instance=DMA1_Channel1
ProjectManager.KeepUserCode=true
Mcu.UserName=STM32F103C8Tx
Mcu.PinsNb=8
ADC1.ContinuousConvMode=ENABLE
ProjectManager.NoMain=true
ADC1.IPParameters=Rank-19\#ChannelRegularConversion,Channel-19\#ChannelRegularConversion,SamplingTime-19\#ChannelRegularConversion,NbrOfConversionFlag,ContinuousConvMode,DataAlign,ScanConvMode,DiscontinuousConvMode,EnableRegularConversion,NbrOfConversion,ExternalTrigConv,InjNumberOfConversion,EnableAnalogWatchDog,Rank-20\#ChannelRegularConversion,Channel-20\#ChannelRegularConversion,SamplingTime-20\#ChannelRegularConversion,Rank-21\#ChannelRegularConversion,Channel-21\#ChannelRegularConversion,SamplingTime-21\#ChannelRegularConversion,Rank-23\#ChannelRegularConversion,Channel-23\#ChannelRegularConversion,SamplingTime-23\#ChannelRegularConversion,master
RCC.PLLCLKFreq_Value=64000000
ProjectManager.functionlistsort=1-MX_GPIO_Init-GPIO-false-HAL-true,2-MX_DMA_Init-DMA-false-HAL-true,3-SystemClock_Config-RCC-false-HAL-true,4-MX_ADC1_Init-ADC1-false-HAL-true
ADC1.DiscontinuousConvMode=DISABLE
RCC.ADCFreqValue=8000000
ProjectManager.DefaultFWLocation=true
ADC1.SamplingTime-21\#ChannelRegularConversion=ADC_SAMPLETIME_1CYCLE_5
ProjectManager.DeletePrevious=true
RCC.APB1CLKDivider=RCC_HCLK_DIV2
PinOutPanel.RotationAngle=0
RCC.FamilyName=M
RCC.SYSCLKSource=RCC_SYSCLKSOURCE_PLLCLK
ProjectManager.StackSize=0x400
PA0-WKUP.Signal=ADCx_IN0
PA0-WKUP.Locked=true
RCC.ADCPresc=RCC_ADCPCLK2_DIV8
PA13.Signal=SYS_JTMS-SWDIO
Mcu.IP4=SYS
RCC.FCLKCortexFreq_Value=64000000
Mcu.IP2=NVIC
NVIC.SVCall_IRQn=true\:0\:0\:false\:false\:true\:true\:false
Mcu.IP3=RCC
Mcu.IP0=ADC1
Dma.ADC1.0.PeriphDataAlignment=DMA_PDATAALIGN_HALFWORD
Mcu.IP1=DMA
Mcu.UserConstants=
ADC1.Rank-23\#ChannelRegularConversion=4
ProjectManager.TargetToolchain=Makefile
Dma.ADC1.0.Mode=DMA_CIRCULAR
ADC1.SamplingTime-20\#ChannelRegularConversion=ADC_SAMPLETIME_1CYCLE_5
Mcu.ThirdPartyNb=0
RCC.HCLKFreq_Value=64000000
Mcu.IPNb=5
ProjectManager.PreviousToolchain=
Dma.ADC1.0.Priority=DMA_PRIORITY_LOW
RCC.APB2TimFreq_Value=64000000
Dma.ADC1.0.Direction=DMA_PERIPH_TO_MEMORY
ADC1.InjNumberOfConversion=0
Mcu.Pin6=VP_ADC1_Vref_Input
Mcu.Pin7=VP_SYS_VS_Systick
ADC1.Rank-21\#ChannelRegularConversion=3
RCC.USBFreq_Value=64000000
Dma.ADC1.0.MemDataAlignment=DMA_MDATAALIGN_HALFWORD
RCC.AHBFreq_Value=64000000
Mcu.Pin0=PA0-WKUP
PB1.Locked=true
Mcu.Pin1=PB0
Mcu.Pin2=PB1
Mcu.Pin3=PA8
Mcu.Pin4=PA13
Mcu.Pin5=PA14
ProjectManager.ProjectBuild=false
NVIC.UsageFault_IRQn=true\:0\:0\:false\:false\:true\:true\:false
ADC1.Rank-20\#ChannelRegularConversion=2
NVIC.DebugMonitor_IRQn=true\:0\:0\:false\:false\:true\:true\:false
ADC1.ScanConvMode=ADC_SCAN_ENABLE
PA8.Locked=true
board=ac_sc_grinder
NVIC.SysTick_IRQn=true\:0\:0\:false\:false\:true\:true\:true
ProjectManager.LastFirmware=true
RCC.PLLMUL=RCC_PLL_MUL16
ADC1.EnableAnalogWatchDog=false
RCC.VCOOutput2Freq_Value=4000000
Dma.ADC1.0.RequestParameters=Instance,Direction,PeriphInc,MemInc,PeriphDataAlignment,MemDataAlignment,Mode,Priority
ProjectManager.FirmwarePackage=STM32Cube FW_F1 V1.8.0
VP_ADC1_Vref_Input.Mode=IN-Vrefint
MxDb.Version=DB.5.0.60
RCC.APB2Freq_Value=64000000
ProjectManager.BackupPrevious=false
MxCube.Version=5.6.0
ADC1.Channel-19\#ChannelRegularConversion=ADC_CHANNEL_9
ADC1.Channel-20\#ChannelRegularConversion=ADC_CHANNEL_8
PA14.Mode=Serial_Wire
SH.ADCx_IN0.ConfNb=1
ADC1.Rank-19\#ChannelRegularConversion=1
Dma.ADC1.0.PeriphInc=DMA_PINC_DISABLE
File.Version=6
VP_SYS_VS_Systick.Mode=SysTick
SH.ADCx_IN8.0=ADC1_IN8,IN8
VP_ADC1_Vref_Input.Signal=ADC1_Vref_Input
PA8.Signal=GPIO_Output
NVIC.NonMaskableInt_IRQn=true\:0\:0\:false\:false\:true\:true\:false
SH.ADCx_IN0.0=ADC1_IN0,IN0
NVIC.PendSV_IRQn=true\:0\:0\:false\:false\:true\:true\:false
SH.ADCx_IN8.ConfNb=1
ADC1.NbrOfConversion=4
PA13.Mode=Serial_Wire
ProjectManager.FreePins=false
RCC.IPParameters=ADCFreqValue,ADCPresc,AHBFreq_Value,APB1CLKDivider,APB1Freq_Value,APB1TimFreq_Value,APB2Freq_Value,APB2TimFreq_Value,FCLKCortexFreq_Value,FamilyName,HCLKFreq_Value,MCOFreq_Value,PLLCLKFreq_Value,PLLMCOFreq_Value,PLLMUL,SYSCLKFreq_VALUE,SYSCLKSource,TimSysFreq_Value,USBFreq_Value,VCOOutput2Freq_Value
ProjectManager.AskForMigrate=true
Mcu.Name=STM32F103C(8-B)Tx
Dma.RequestsNb=1
ProjectManager.HalAssertFull=false
PB0.Locked=true
ProjectManager.ProjectName=stm32cube_ac_sc_grinder_old
ProjectManager.UnderRoot=false
ADC1.ExternalTrigConv=ADC_SOFTWARE_START
RCC.PLLMCOFreq_Value=32000000
ProjectManager.CoupleFile=true
RCC.SYSCLKFreq_VALUE=64000000
ADC1.SamplingTime-23\#ChannelRegularConversion=ADC_SAMPLETIME_1CYCLE_5
Mcu.Package=LQFP48
PB1.Signal=ADCx_IN9
RCC.TimSysFreq_Value=64000000
ADC1.master=1
ADC1.Channel-23\#ChannelRegularConversion=ADC_CHANNEL_VREFINT
NVIC.ForceEnableDMAVector=true
KeepUserPlacement=false
NVIC.MemoryManagement_IRQn=true\:0\:0\:false\:false\:true\:true\:false
PA14.Locked=true
PA13.Locked=true
ProjectManager.CompilerOptimize=6
ProjectManager.ToolChainLocation=
VP_SYS_VS_Systick.Signal=SYS_VS_Systick
PA14.Signal=SYS_JTCK-SWCLK
Dma.ADC1.0.MemInc=DMA_MINC_ENABLE
ProjectManager.HeapSize=0x200
NVIC.HardFault_IRQn=true\:0\:0\:false\:false\:true\:true\:false
SH.ADCx_IN9.0=ADC1_IN9,IN9
ADC1.Channel-21\#ChannelRegularConversion=ADC_CHANNEL_0
ProjectManager.ComputerToolchain=false
NVIC.PriorityGroup=NVIC_PRIORITYGROUP_4
ADC1.NbrOfConversionFlag=1
ADC1.EnableRegularConversion=ENABLE
RCC.APB1TimFreq_Value=64000000
NVIC.BusFault_IRQn=true\:0\:0\:false\:false\:true\:true\:false
SH.ADCx_IN9.ConfNb=1
NVIC.DMA1_Channel1_IRQn=true\:0\:0\:false\:false\:true\:true\:true
ADC1.DataAlign=ADC_DATAALIGN_RIGHT
Dma.Request0=ADC1
RCC.APB1Freq_Value=32000000
PB0.Signal=ADCx_IN8
ProjectManager.CustomerFirmwarePackage=
ProjectManager.DeviceId=STM32F103C8Tx
ProjectManager.LibraryCopy=1
ADC1.SamplingTime-19\#ChannelRegularConversion=ADC_SAMPLETIME_1CYCLE_5
